
Microsoft Visual Studio Solution File, Format Version 12.00
# Visual Studio 15
VisualStudioVersion = 15.0.27130.2036
MinimumVisualStudioVersion = 10.0.40219.1
Project("{9A19103F-16F7-4668-BE54-9A1E7A4F7556}") = "AMS.Web", "AMS\AMS.Web.csproj", "{40B36EEC-A53B-4CF4-9190-8AF35550AB0D}"
EndProject
Project("{2150E333-8FDC-42A3-9474-1A3956D46DE8}") = "Web", "Web", "{16AA3374-83B4-442A-B5FA-011572D7A2E1}"
EndProject
Project("{9A19103F-16F7-4668-BE54-9A1E7A4F7556}") = "AMS.Data", "AMS.Data\AMS.Data.csproj", "{25CCD70C-DA9A-4934-A6F1-159B94AA4F61}"
EndProject
Project("{2150E333-8FDC-42A3-9474-1A3956D46DE8}") = "文档", "文档", "{5317D60D-8522-41C4-BE37-A5B897BE33E2}"
	ProjectSection(SolutionItems) = preProject
		AMS.sql = AMS.sql
	EndProjectSection
EndProject
Project("{2150E333-8FDC-42A3-9474-1A3956D46DE8}") = "Library", "Library", "{0E0C8E73-1856-4FF2-B85D-551B53688140}"
EndProject
Project("{9A19103F-16F7-4668-BE54-9A1E7A4F7556}") = "AMS.Test", "AMS.Test\AMS.Test.csproj", "{43A17D2D-3C73-47E6-92E9-82FC55413D37}"
EndProject
Project("{9A19103F-16F7-4668-BE54-9A1E7A4F7556}") = "AMS.Services", "AMS.Services\AMS.Services.csproj", "{E94C54A3-0B5A-420B-A27A-31DC2CDE6F5D}"
EndProject
Project("{9A19103F-16F7-4668-BE54-9A1E7A4F7556}") = "AMS.Core", "AMS.Core\AMS.Core.csproj", "{C687DE8E-63FA-4739-8770-AABF7F62E325}"
EndProject
Project("{9A19103F-16F7-4668-BE54-9A1E7A4F7556}") = "AMS.WebCore", "AMS.WebCore\AMS.WebCore.csproj", "{226F0D7A-2A79-4223-B039-4EBBD8B33038}"
EndProject
Project("{9A19103F-16F7-4668-BE54-9A1E7A4F7556}") = "AMS.Model", "AMS.Model\AMS.Model.csproj", "{7AD615DE-3980-4C81-A673-A011947B0F45}"
EndProject
Project("{FAE04EC0-301F-11D3-BF4B-00C04F79EFBC}") = "AMS.Mobile", "AMS.Mobile\AMS.Mobile.csproj", "{F288391D-7284-4707-A92B-8E175036BB73}"
EndProject
Global
	GlobalSection(SolutionConfigurationPlatforms) = preSolution
		Debug|Any CPU = Debug|Any CPU
		Release|Any CPU = Release|Any CPU
	EndGlobalSection
	GlobalSection(ProjectConfigurationPlatforms) = postSolution
		{40B36EEC-A53B-4CF4-9190-8AF35550AB0D}.Debug|Any CPU.ActiveCfg = Debug|Any CPU
		{40B36EEC-A53B-4CF4-9190-8AF35550AB0D}.Debug|Any CPU.Build.0 = Debug|Any CPU
		{40B36EEC-A53B-4CF4-9190-8AF35550AB0D}.Release|Any CPU.ActiveCfg = Release|Any CPU
		{40B36EEC-A53B-4CF4-9190-8AF35550AB0D}.Release|Any CPU.Build.0 = Release|Any CPU
		{25CCD70C-DA9A-4934-A6F1-159B94AA4F61}.Debug|Any CPU.ActiveCfg = Debug|Any CPU
		{25CCD70C-DA9A-4934-A6F1-159B94AA4F61}.Debug|Any CPU.Build.0 = Debug|Any CPU
		{25CCD70C-DA9A-4934-A6F1-159B94AA4F61}.Release|Any CPU.ActiveCfg = Release|Any CPU
		{25CCD70C-DA9A-4934-A6F1-159B94AA4F61}.Release|Any CPU.Build.0 = Release|Any CPU
		{43A17D2D-3C73-47E6-92E9-82FC55413D37}.Debug|Any CPU.ActiveCfg = Debug|Any CPU
		{43A17D2D-3C73-47E6-92E9-82FC55413D37}.Debug|Any CPU.Build.0 = Debug|Any CPU
		{43A17D2D-3C73-47E6-92E9-82FC55413D37}.Release|Any CPU.ActiveCfg = Release|Any CPU
		{43A17D2D-3C73-47E6-92E9-82FC55413D37}.Release|Any CPU.Build.0 = Release|Any CPU
		{E94C54A3-0B5A-420B-A27A-31DC2CDE6F5D}.Debug|Any CPU.ActiveCfg = Debug|Any CPU
		{E94C54A3-0B5A-420B-A27A-31DC2CDE6F5D}.Debug|Any CPU.Build.0 = Debug|Any CPU
		{E94C54A3-0B5A-420B-A27A-31DC2CDE6F5D}.Release|Any CPU.ActiveCfg = Release|Any CPU
		{E94C54A3-0B5A-420B-A27A-31DC2CDE6F5D}.Release|Any CPU.Build.0 = Release|Any CPU
		{C687DE8E-63FA-4739-8770-AABF7F62E325}.Debug|Any CPU.ActiveCfg = Debug|Any CPU
		{C687DE8E-63FA-4739-8770-AABF7F62E325}.Debug|Any CPU.Build.0 = Debug|Any CPU
		{C687DE8E-63FA-4739-8770-AABF7F62E325}.Release|Any CPU.ActiveCfg = Release|Any CPU
		{C687DE8E-63FA-4739-8770-AABF7F62E325}.Release|Any CPU.Build.0 = Release|Any CPU
		{226F0D7A-2A79-4223-B039-4EBBD8B33038}.Debug|Any CPU.ActiveCfg = Debug|Any CPU
		{226F0D7A-2A79-4223-B039-4EBBD8B33038}.Debug|Any CPU.Build.0 = Debug|Any CPU
		{226F0D7A-2A79-4223-B039-4EBBD8B33038}.Release|Any CPU.ActiveCfg = Release|Any CPU
		{226F0D7A-2A79-4223-B039-4EBBD8B33038}.Release|Any CPU.Build.0 = Release|Any CPU
		{7AD615DE-3980-4C81-A673-A011947B0F45}.Debug|Any CPU.ActiveCfg = Debug|Any CPU
		{7AD615DE-3980-4C81-A673-A011947B0F45}.Debug|Any CPU.Build.0 = Debug|Any CPU
		{7AD615DE-3980-4C81-A673-A011947B0F45}.Release|Any CPU.ActiveCfg = Release|Any CPU
		{7AD615DE-3980-4C81-A673-A011947B0F45}.Release|Any CPU.Build.0 = Release|Any CPU
		{F288391D-7284-4707-A92B-8E175036BB73}.Debug|Any CPU.ActiveCfg = Debug|Any CPU
		{F288391D-7284-4707-A92B-8E175036BB73}.Debug|Any CPU.Build.0 = Debug|Any CPU
		{F288391D-7284-4707-A92B-8E175036BB73}.Release|Any CPU.ActiveCfg = Release|Any CPU
		{F288391D-7284-4707-A92B-8E175036BB73}.Release|Any CPU.Build.0 = Release|Any CPU
	EndGlobalSection
	GlobalSection(SolutionProperties) = preSolution
		HideSolutionNode = FALSE
	EndGlobalSection
	GlobalSection(NestedProjects) = preSolution
		{40B36EEC-A53B-4CF4-9190-8AF35550AB0D} = {16AA3374-83B4-442A-B5FA-011572D7A2E1}
		{25CCD70C-DA9A-4934-A6F1-159B94AA4F61} = {0E0C8E73-1856-4FF2-B85D-551B53688140}
		{E94C54A3-0B5A-420B-A27A-31DC2CDE6F5D} = {0E0C8E73-1856-4FF2-B85D-551B53688140}
		{C687DE8E-63FA-4739-8770-AABF7F62E325} = {0E0C8E73-1856-4FF2-B85D-551B53688140}
		{226F0D7A-2A79-4223-B039-4EBBD8B33038} = {16AA3374-83B4-442A-B5FA-011572D7A2E1}
		{7AD615DE-3980-4C81-A673-A011947B0F45} = {0E0C8E73-1856-4FF2-B85D-551B53688140}
		{F288391D-7284-4707-A92B-8E175036BB73} = {16AA3374-83B4-442A-B5FA-011572D7A2E1}
	EndGlobalSection
	GlobalSection(ExtensibilityGlobals) = postSolution
		SolutionGuid = {80E5C378-5E3E-4D96-BDB1-CE334C126C09}
	EndGlobalSection
EndGlobal
